{
  "name": "knowledge-blog",
  "version": "1.0.0",
  "lockfileVersion": 1,
  "requires": true,
  "dependencies": {
    "tinymce": {
      "version": "5.2.1",
      "resolved": "https://registry.npmjs.org/tinymce/-/tinymce-5.2.1.tgz",
      "integrity": "sha512-X/riqIrSOyB/pF6J993ICuDbSU/dL89XfhSdmroojbdBIT73wZF2dMPTfwtL5Hn0G5vBLefMDqLwESVuiPLEPg=="
    }
  }
}
